
Microsoft Visual Studio Solution File, Format Version 12.00
# Visual Studio Version 17
VisualStudioVersion = 17.4.33110.190
MinimumVisualStudioVersion = 10.0.40219.1
Project("{9A19103F-16F7-4668-BE54-9A1E7A4F7556}") = "BlazorCrud.Server", "BlazorCrud\Server\BlazorCrud.Server.csproj", "{C6A643D7-C67F-4158-961B-EE1DCB5E156F}"
EndProject
Project("{9A19103F-16F7-4668-BE54-9A1E7A4F7556}") = "BlazorCrud.Client", "BlazorCrud\Client\BlazorCrud.Client.csproj", "{D4BF6D10-6F49-4566-9147-4649672652E7}"
EndProject
Project("{9A19103F-16F7-4668-BE54-9A1E7A4F7556}") = "BlazorCrud.Shared", "BlazorCrud\Shared\BlazorCrud.Shared.csproj", "{EEFE4269-24BA-48ED-B154-7203226E8AB5}"
EndProject
Global
	GlobalSection(SolutionConfigurationPlatforms) = preSolution
		Debug|Any CPU = Debug|Any CPU
		Release|Any CPU = Release|Any CPU
	EndGlobalSection
	GlobalSection(ProjectConfigurationPlatforms) = postSolution
		{C6A643D7-C67F-4158-961B-EE1DCB5E156F}.Debug|Any CPU.ActiveCfg = Debug|Any CPU
		{C6A643D7-C67F-4158-961B-EE1DCB5E156F}.Debug|Any CPU.Build.0 = Debug|Any CPU
		{C6A643D7-C67F-4158-961B-EE1DCB5E156F}.Release|Any CPU.ActiveCfg = Release|Any CPU
		{C6A643D7-C67F-4158-961B-EE1DCB5E156F}.Release|Any CPU.Build.0 = Release|Any CPU
		{D4BF6D10-6F49-4566-9147-4649672652E7}.Debug|Any CPU.ActiveCfg = Debug|Any CPU
		{D4BF6D10-6F49-4566-9147-4649672652E7}.Debug|Any CPU.Build.0 = Debug|Any CPU
		{D4BF6D10-6F49-4566-9147-4649672652E7}.Release|Any CPU.ActiveCfg = Release|Any CPU
		{D4BF6D10-6F49-4566-9147-4649672652E7}.Release|Any CPU.Build.0 = Release|Any CPU
		{EEFE4269-24BA-48ED-B154-7203226E8AB5}.Debug|Any CPU.ActiveCfg = Debug|Any CPU
		{EEFE4269-24BA-48ED-B154-7203226E8AB5}.Debug|Any CPU.Build.0 = Debug|Any CPU
		{EEFE4269-24BA-48ED-B154-7203226E8AB5}.Release|Any CPU.ActiveCfg = Release|Any CPU
		{EEFE4269-24BA-48ED-B154-7203226E8AB5}.Release|Any CPU.Build.0 = Release|Any CPU
	EndGlobalSection
	GlobalSection(SolutionProperties) = preSolution
		HideSolutionNode = FALSE
	EndGlobalSection
	GlobalSection(ExtensibilityGlobals) = postSolution
		SolutionGuid = {BD03CE84-7B02-46BB-A79B-1035A47895E2}
	EndGlobalSection
EndGlobal
